<?xml version="1.0" encoding="UTF-8"?>
<CONFIG>
  <ProjectOptions>
    <Version Value="12"/>
    <PathDelim Value="\"/>
    <General>
      <SessionStorage Value="InProjectDir"/>
      <Title Value="DayZModTool"/>
      <Scaled Value="True"/>
      <ResourceType Value="res"/>
      <UseXPManifest Value="True"/>
      <XPManifest>
        <DpiAware Value="True"/>
      </XPManifest>
      <Icon Value="0"/>
    </General>
    <BuildModes>
      <Item Name="Debug" Default="True"/>
      <Item Name="Release">
        <CompilerOptions>
          <Version Value="11"/>
          <PathDelim Value="\"/>
          <Target>
            <Filename Value="..\Bin\DayZModTool"/>
          </Target>
          <SearchPaths>
            <IncludeFiles Value="$(ProjOutDir)"/>
            <OtherUnitFiles Value="MainForm;ParameterModListFrame;DirectoryPathFrame;LaunchFrames\DedicatedServerFrame;Dialogs\StartParamDialogForm;Dialogs;Dialogs\MemoDialogForm;Dialogs\SelectDirectoryDialog;Dialogs\MemoDialog;Dialogs\YesNoQuestionDialog;Tabs\Directory;Tabs\Launch;Tabs\Launch\ParamFrames;Tabs\Launch\ParamFrames\ParamFrameDirectory;Tabs\Launch\ParamFrames\ParamFrameDirectoryList;Tabs\Launch\ParamFrames\ParamFrameFile;Tabs\Launch\ParamFrames\ParamFrameInteger;Tabs\Launch\ParamFrames\ParamFrameSimple;Tabs\Launch\ParamFrames\ParamFrameString;Tabs\Directory\DirectoryItem;Dialogs\IconSelectorDialog;Dialogs\PathEditorDialog;Tools\WorkDrive;Dialogs\MessageDialog;Tools\DataExtractor;Tabs\StringTable;Tabs;Units;Units\StartParam;Tabs\StringTable\ColumnAdjust;Tabs\StringTable\StringTableItemEditorDialog;Tabs\Directory\DirectoryEditorDialog;Tabs\Directory\DirectoryItemEditorDialog"/>
            <UnitOutputDirectory Value="..\~Tmp\$(TargetCPU)-$(TargetOS)"/>
          </SearchPaths>
          <CodeGeneration>
            <SmartLinkUnit Value="True"/>
            <Optimizations>
              <OptimizationLevel Value="3"/>
            </Optimizations>
          </CodeGeneration>
          <Linking>
            <Debugging>
              <GenerateDebugInfo Value="False"/>
              <RunWithoutDebug Value="True"/>
            </Debugging>
            <LinkSmart Value="True"/>
            <Options>
              <Win32>
                <GraphicApplication Value="True"/>
              </Win32>
            </Options>
          </Linking>
        </CompilerOptions>
      </Item>
    </BuildModes>
    <PublishOptions>
      <Version Value="2"/>
      <UseFileFilters Value="True"/>
    </PublishOptions>
    <RunParams>
      <FormatVersion Value="2"/>
    </RunParams>
    <RequiredPackages>
      <Item>
        <PackageName Value="SimpleGameEngine2"/>
      </Item>
      <Item>
        <PackageName Value="FCL"/>
      </Item>
      <Item>
        <PackageName Value="LazControls"/>
      </Item>
      <Item>
        <PackageName Value="LazControlDsgn"/>
      </Item>
      <Item>
        <PackageName Value="LCL"/>
      </Item>
    </RequiredPackages>
    <Units>
      <Unit>
        <Filename Value="DayZModTool.lpr"/>
        <IsPartOfProject Value="True"/>
      </Unit>
      <Unit>
        <Filename Value="MainForm\MainUnit.pas"/>
        <IsPartOfProject Value="True"/>
        <ComponentName Value="MainForm"/>
        <HasResources Value="True"/>
        <ResourceBaseClass Value="Form"/>
      </Unit>
      <Unit>
        <Filename Value="Dialogs\DialogCommonUnit.pas"/>
        <IsPartOfProject Value="True"/>
        <ComponentName Value="DialogCommonForm"/>
        <HasResources Value="True"/>
        <ResourceBaseClass Value="Form"/>
      </Unit>
      <Unit>
        <Filename Value="Dialogs\IconSelectorDialog\IconSelectorDialogUnit.pas"/>
        <IsPartOfProject Value="True"/>
        <ComponentName Value="IconSelectorDialogForm"/>
        <HasResources Value="True"/>
        <ResourceBaseClass Value="Form"/>
      </Unit>
      <Unit>
        <Filename Value="Dialogs\SelectDirectoryDialog\SelectDirectoryDialogUnit.pas"/>
        <IsPartOfProject Value="True"/>
        <ComponentName Value="SelectDirectoryDialogForm"/>
        <HasResources Value="True"/>
        <ResourceBaseClass Value="Form"/>
      </Unit>
      <Unit>
        <Filename Value="Dialogs\YesNoQuestionDialog\YesNoQuestionDialogUnit.pas"/>
        <IsPartOfProject Value="True"/>
        <ComponentName Value="YesNoQuestionDialogForm"/>
        <HasResources Value="True"/>
        <ResourceBaseClass Value="Form"/>
      </Unit>
      <Unit>
        <Filename Value="Tabs\Directory\DirectoryUnit.pas"/>
        <IsPartOfProject Value="True"/>
        <ComponentName Value="DirectoryFrame"/>
        <HasResources Value="True"/>
        <ResourceBaseClass Value="Frame"/>
      </Unit>
      <Unit>
        <Filename Value="Tabs\Launch\LaunchItemUnit.pas"/>
        <IsPartOfProject Value="True"/>
        <ComponentName Value="LaunchItemFrame"/>
        <HasResources Value="True"/>
        <ResourceBaseClass Value="Frame"/>
      </Unit>
      <Unit>
        <Filename Value="Tabs\Launch\ParamFrames\ParamFrameCommonUnit.pas"/>
        <IsPartOfProject Value="True"/>
        <ComponentName Value="ParamFrameCommonFrame"/>
        <HasResources Value="True"/>
        <ResourceBaseClass Value="Frame"/>
      </Unit>
      <Unit>
        <Filename Value="Tabs\Launch\ParamFrames\ParamFrameDirectory\ParamFrameDirectoryUnit.pas"/>
        <IsPartOfProject Value="True"/>
        <ComponentName Value="ParamFrameDirectoryFrame"/>
        <HasResources Value="True"/>
        <ResourceBaseClass Value="Frame"/>
      </Unit>
      <Unit>
        <Filename Value="Tabs\Launch\ParamFrames\ParamFrameDirectoryList\ParamFrameDirectoryListModEditorUnit.pas"/>
        <IsPartOfProject Value="True"/>
        <ComponentName Value="ParamFrameDirectoryListModEditorFrame"/>
        <HasResources Value="True"/>
        <ResourceBaseClass Value="Frame"/>
      </Unit>
      <Unit>
        <Filename Value="Tabs\Launch\ParamFrames\ParamFrameDirectoryList\ParamFrameDirectoryListUnit.pas"/>
        <IsPartOfProject Value="True"/>
        <ComponentName Value="ParamFrameDirectoryListFrame"/>
        <HasResources Value="True"/>
        <ResourceBaseClass Value="Frame"/>
      </Unit>
      <Unit>
        <Filename Value="Tabs\Launch\ParamFrames\ParamFrameFile\ParamFrameFileUnit.pas"/>
        <IsPartOfProject Value="True"/>
        <ComponentName Value="ParamFrameFileFrame"/>
        <HasResources Value="True"/>
        <ResourceBaseClass Value="Frame"/>
      </Unit>
      <Unit>
        <Filename Value="Tabs\Launch\ParamFrames\ParamFrameInteger\ParamFrameIntegerUnit.pas"/>
        <IsPartOfProject Value="True"/>
        <ComponentName Value="ParamFrameIntegerFrame"/>
        <HasResources Value="True"/>
        <ResourceBaseClass Value="Frame"/>
      </Unit>
      <Unit>
        <Filename Value="Tabs\Launch\ParamFrames\ParamFrameSimple\ParamFrameSimpleUnit.pas"/>
        <IsPartOfProject Value="True"/>
        <ComponentName Value="ParamFrameSimpleFrame"/>
        <HasResources Value="True"/>
        <ResourceBaseClass Value="Frame"/>
      </Unit>
      <Unit>
        <Filename Value="Tabs\Launch\ParamFrames\ParamFrameString\ParamFrameStringUnit.pas"/>
        <IsPartOfProject Value="True"/>
        <ComponentName Value="ParamFrameStringFrame"/>
        <HasResources Value="True"/>
        <ResourceBaseClass Value="Frame"/>
      </Unit>
      <Unit>
        <Filename Value="Tabs\Directory\DirectoryItem\DirectoryItemUnit.pas"/>
        <IsPartOfProject Value="True"/>
        <ComponentName Value="DirectoryItemFrame"/>
        <HasResources Value="True"/>
        <ResourceBaseClass Value="Frame"/>
      </Unit>
      <Unit>
        <Filename Value="Dialogs\DialogParameters.pas"/>
        <IsPartOfProject Value="True"/>
      </Unit>
      <Unit>
        <Filename Value="Tools\WorkDrive\WorkDriveUnit.pas"/>
        <IsPartOfProject Value="True"/>
        <ComponentName Value="WorkDriveForm"/>
        <HasResources Value="True"/>
        <ResourceBaseClass Value="Form"/>
      </Unit>
      <Unit>
        <Filename Value="Dialogs\MessageDialog\MessageDialogUnit.pas"/>
        <IsPartOfProject Value="True"/>
        <ComponentName Value="MessageDialogForm"/>
        <HasResources Value="True"/>
        <ResourceBaseClass Value="Form"/>
      </Unit>
      <Unit>
        <Filename Value="Dialogs\DialogUtils.pas"/>
        <IsPartOfProject Value="True"/>
      </Unit>
      <Unit>
        <Filename Value="Tools\DataExtractor\DataExtractorUnit.pas"/>
        <IsPartOfProject Value="True"/>
        <ComponentName Value="DataExtractorForm"/>
        <HasResources Value="True"/>
        <ResourceBaseClass Value="Form"/>
      </Unit>
      <Unit>
        <Filename Value="Tools\DataExtractor\ExtractWorker.pas"/>
        <IsPartOfProject Value="True"/>
      </Unit>
      <Unit>
        <Filename Value="Tabs\StringTable\StringTableUnit.pas"/>
        <IsPartOfProject Value="True"/>
        <ComponentName Value="StringTableFrame"/>
        <HasResources Value="True"/>
        <ResourceBaseClass Value="Frame"/>
      </Unit>
      <Unit>
        <Filename Value="Tabs\TabCommonUnit.pas"/>
        <IsPartOfProject Value="True"/>
        <ComponentName Value="TabCommonFrame"/>
        <HasResources Value="True"/>
        <ResourceBaseClass Value="Frame"/>
      </Unit>
      <Unit>
        <Filename Value="Tabs\TabParameters.pas"/>
        <IsPartOfProject Value="True"/>
      </Unit>
      <Unit>
        <Filename Value="Tabs\Launch\LaunchUnit.pas"/>
        <IsPartOfProject Value="True"/>
        <ComponentName Value="LaunchFrame"/>
        <HasResources Value="True"/>
        <ResourceBaseClass Value="Frame"/>
      </Unit>
      <Unit>
        <Filename Value="Tabs\StringTable\StringTableItem.pas"/>
        <IsPartOfProject Value="True"/>
      </Unit>
      <Unit>
        <Filename Value="Tabs\StringTable\StringTableItemList.pas"/>
        <IsPartOfProject Value="True"/>
      </Unit>
      <Unit>
        <Filename Value="Units\StartParam\StartParamArray.pas"/>
        <IsPartOfProject Value="True"/>
      </Unit>
      <Unit>
        <Filename Value="Units\DayZUtils.pas"/>
        <IsPartOfProject Value="True"/>
      </Unit>
      <Unit>
        <Filename Value="Units\DosDevices.pas"/>
        <IsPartOfProject Value="True"/>
      </Unit>
      <Unit>
        <Filename Value="Units\Language.pas"/>
        <IsPartOfProject Value="True"/>
      </Unit>
      <Unit>
        <Filename Value="Units\SteamUtils.pas"/>
        <IsPartOfProject Value="True"/>
      </Unit>
      <Unit>
        <Filename Value="Units\StartParam\StartParamDirectory.pas"/>
        <IsPartOfProject Value="True"/>
      </Unit>
      <Unit>
        <Filename Value="Units\StartParam\StartParamDirectoryList.pas"/>
        <IsPartOfProject Value="True"/>
      </Unit>
      <Unit>
        <Filename Value="Units\StartParam\StartParamFile.pas"/>
        <IsPartOfProject Value="True"/>
      </Unit>
      <Unit>
        <Filename Value="Units\StartParam\StartParamInteger.pas"/>
        <IsPartOfProject Value="True"/>
      </Unit>
      <Unit>
        <Filename Value="Units\StartParam\StartParamSimple.pas"/>
        <IsPartOfProject Value="True"/>
      </Unit>
      <Unit>
        <Filename Value="Units\StartParam\StartParamString.pas"/>
        <IsPartOfProject Value="True"/>
      </Unit>
      <Unit>
        <Filename Value="Tabs\StringTable\ColumnAdjust\ColumnAdjustUnit.pas"/>
        <IsPartOfProject Value="True"/>
        <ComponentName Value="ColumnAdjustForm"/>
        <ResourceBaseClass Value="Form"/>
      </Unit>
      <Unit>
        <Filename Value="Tabs\StringTable\StringTableItemEditorDialog\StringTableItemEditorDialogUnit.pas"/>
        <IsPartOfProject Value="True"/>
        <ComponentName Value="StringTableItemEditorDialogForm"/>
        <HasResources Value="True"/>
        <ResourceBaseClass Value="Form"/>
      </Unit>
      <Unit>
        <Filename Value="Tabs\Directory\DirectoryItemEditorDialog\DirectoryItemEditorDialogUnit.pas"/>
        <IsPartOfProject Value="True"/>
        <ComponentName Value="DirectoryItemEditorDialogForm"/>
        <HasResources Value="True"/>
        <ResourceBaseClass Value="Form"/>
      </Unit>
    </Units>
  </ProjectOptions>
  <CompilerOptions>
    <Version Value="11"/>
    <PathDelim Value="\"/>
    <Target>
      <Filename Value="..\Bin\DayZModTool"/>
    </Target>
    <SearchPaths>
      <IncludeFiles Value="$(ProjOutDir)"/>
      <OtherUnitFiles Value="MainForm;ParameterModListFrame;DirectoryPathFrame;LaunchFrames\DedicatedServerFrame;Dialogs\StartParamDialogForm;Dialogs;Dialogs\MemoDialogForm;Dialogs\SelectDirectoryDialog;Dialogs\MemoDialog;Dialogs\YesNoQuestionDialog;Tabs\Directory;Tabs\Launch;Tabs\Launch\ParamFrames;Tabs\Launch\ParamFrames\ParamFrameDirectory;Tabs\Launch\ParamFrames\ParamFrameDirectoryList;Tabs\Launch\ParamFrames\ParamFrameFile;Tabs\Launch\ParamFrames\ParamFrameInteger;Tabs\Launch\ParamFrames\ParamFrameSimple;Tabs\Launch\ParamFrames\ParamFrameString;Tabs\Directory\DirectoryItem;Dialogs\IconSelectorDialog;Dialogs\PathEditorDialog;Tools\WorkDrive;Dialogs\MessageDialog;Tools\DataExtractor;Tabs\StringTable;Tabs;Units;Units\StartParam;Tabs\StringTable\ColumnAdjust;Tabs\StringTable\StringTableItemEditorDialog;Tabs\Directory\DirectoryEditorDialog;Tabs\Directory\DirectoryItemEditorDialog"/>
      <UnitOutputDirectory Value="..\~Tmp\$(TargetCPU)-$(TargetOS)"/>
    </SearchPaths>
    <Parsing>
      <SyntaxOptions>
        <IncludeAssertionCode Value="True"/>
      </SyntaxOptions>
    </Parsing>
    <CodeGeneration>
      <Checks>
        <IOChecks Value="True"/>
        <RangeChecks Value="True"/>
        <OverflowChecks Value="True"/>
        <StackChecks Value="True"/>
      </Checks>
      <VerifyObjMethodCallValidity Value="True"/>
    </CodeGeneration>
    <Linking>
      <Debugging>
        <DebugInfoType Value="dsDwarf3"/>
        <TrashVariables Value="True"/>
      </Debugging>
      <Options>
        <Win32>
          <GraphicApplication Value="True"/>
        </Win32>
      </Options>
    </Linking>
  </CompilerOptions>
  <Debugging>
    <Exceptions>
      <Item>
        <Name Value="EAbort"/>
      </Item>
      <Item>
        <Name Value="ECodetoolError"/>
      </Item>
      <Item>
        <Name Value="EFOpenError"/>
      </Item>
    </Exceptions>
  </Debugging>
</CONFIG>
